<?xml version="1.0" encoding="UTF-8"?>
<Scheme
   LastUpgradeVersion = "2640"
   version = "1.7">
   <BuildAction
      parallelizeBuildables = "YES"
      buildImplicitDependencies = "YES"
      buildArchitectures = "Automatic">
      <PreActions>
         <ExecutionAction
            ActionType = "Xcode.IDEStandardExecutionActionsCore.ExecutionActionType.ShellScriptAction">
            <ActionContent
               title = "AutoGenerated Swift"
               scriptText = "OUT_FILE=&quot;$PROJECT_DIR/AutoGenerated/AutoGenerated.swift&quot;&#10;&#10;cat &gt; &quot;$OUT_FILE&quot; &lt;&lt;EOF&#10;// Auto Generated&#10;&#10;import Foundation&#10;&#10;enum AutoGenerated {&#10;    nonisolated static var documentIdentifier: String {&#10;        &quot;$MOTION_DOCUMENT_IDENTIFIER&quot;&#10;    }&#10;}&#10;EOF&#10;">
               <EnvironmentBuildable>
                  <BuildableReference
                     BuildableIdentifier = "primary"
                     BlueprintIdentifier = "3C3F01F4300F477800C76B6A"
                     BuildableName = "MotionStudio.app"
                     BlueprintName = "MotionStudio"
                     ReferencedContainer = "container:MotionStudioApp.xcodeproj">
                  </BuildableReference>
               </EnvironmentBuildable>
            </ActionContent>
         </ExecutionAction>
      </PreActions>
      <BuildActionEntries>
         <BuildActionEntry
            buildForTesting = "YES"
            buildForRunning = "YES"
            buildForProfiling = "YES"
            buildForArchiving = "YES"
            buildForAnalyzing = "YES">
            <BuildableReference
               BuildableIdentifier = "primary"
               BlueprintIdentifier = "3C3F01F4300F477800C76B6A"
               BuildableName = "MotionStudio.app"
               BlueprintName = "MotionStudio"
               ReferencedContainer = "container:MotionStudioApp.xcodeproj">
            </BuildableReference>
         </BuildActionEntry>
      </BuildActionEntries>
   </BuildAction>
   <TestAction
      buildConfiguration = "Debug"
      selectedDebuggerIdentifier = "Xcode.DebuggerFoundation.Debugger.LLDB"
      selectedLauncherIdentifier = "Xcode.DebuggerFoundation.Launcher.LLDB"
      shouldUseLaunchSchemeArgsEnv = "YES"
      shouldAutocreateTestPlan = "YES">
      <Testables>
         <TestableReference
            skipped = "NO"
            parallelizable = "YES">
            <BuildableReference
               BuildableIdentifier = "primary"
               BlueprintIdentifier = "3C3F0204300F477900C76B6A"
               BuildableName = "MotionStudioAppTests.xctest"
               BlueprintName = "MotionStudioAppTests"
               ReferencedContainer = "container:MotionStudioApp.xcodeproj">
            </BuildableReference>
         </TestableReference>
         <TestableReference
            skipped = "NO"
            parallelizable = "YES">
            <BuildableReference
               BuildableIdentifier = "primary"
               BlueprintIdentifier = "3C3F020E300F477900C76B6A"
               BuildableName = "MotionStudioAppUITests.xctest"
               BlueprintName = "MotionStudioAppUITests"
               ReferencedContainer = "container:MotionStudioApp.xcodeproj">
            </BuildableReference>
         </TestableReference>
      </Testables>
   </TestAction>
   <LaunchAction
      buildConfiguration = "Debug"
      selectedDebuggerIdentifier = "Xcode.DebuggerFoundation.Debugger.LLDB"
      selectedLauncherIdentifier = "Xcode.DebuggerFoundation.Launcher.LLDB"
      launchStyle = "0"
      useCustomWorkingDirectory = "NO"
      ignoresPersistentStateOnLaunch = "NO"
      debugDocumentVersioning = "YES"
      debugServiceExtension = "internal"
      allowLocationSimulation = "YES"
      queueDebuggingEnableBacktraceRecording = "Yes">
      <BuildableProductRunnable
         runnableDebuggingMode = "0">
         <BuildableReference
            BuildableIdentifier = "primary"
            BlueprintIdentifier = "3C3F01F4300F477800C76B6A"
            BuildableName = "MotionStudio.app"
            BlueprintName = "MotionStudio"
            ReferencedContainer = "container:MotionStudioApp.xcodeproj">
         </BuildableReference>
      </BuildableProductRunnable>
   </LaunchAction>
   <ProfileAction
      buildConfiguration = "Release"
      shouldUseLaunchSchemeArgsEnv = "YES"
      savedToolIdentifier = ""
      useCustomWorkingDirectory = "NO"
      debugDocumentVersioning = "YES">
      <BuildableProductRunnable
         runnableDebuggingMode = "0">
         <BuildableReference
            BuildableIdentifier = "primary"
            BlueprintIdentifier = "3C3F01F4300F477800C76B6A"
            BuildableName = "MotionStudio.app"
            BlueprintName = "MotionStudio"
            ReferencedContainer = "container:MotionStudioApp.xcodeproj">
         </BuildableReference>
      </BuildableProductRunnable>
   </ProfileAction>
   <AnalyzeAction
      buildConfiguration = "Debug">
   </AnalyzeAction>
   <ArchiveAction
      buildConfiguration = "Release"
      revealArchiveInOrganizer = "YES">
   </ArchiveAction>
</Scheme>
